
Microsoft Visual Studio Solution File, Format Version 12.00
# Visual Studio 15
Project("{FAE04EC0-301F-11D3-BF4B-00C04F79EFBC}") = "Assembly-CSharp", "Assembly-CSharp.csproj", "{3C02969B-86A1-AD10-1432-1880430358AB}"
EndProject
Project("{FAE04EC0-301F-11D3-BF4B-00C04F79EFBC}") = "Assembly-CSharp-firstpass", "Assembly-CSharp-firstpass.csproj", "{FBDD7BE8-0B24-B714-3A89-A63CB866E7C8}"
EndProject
Project("{FAE04EC0-301F-11D3-BF4B-00C04F79EFBC}") = "Assembly-CSharp-Editor-firstpass", "Assembly-CSharp-Editor-firstpass.csproj", "{33642E03-6453-E8E9-0FFB-5F9079A08551}"
EndProject
Project("{FAE04EC0-301F-11D3-BF4B-00C04F79EFBC}") = "Assembly-CSharp-Editor", "Assembly-CSharp-Editor.csproj", "{888F8112-771D-42B7-3A0F-AC87C638706A}"
EndProject
Global
	GlobalSection(SolutionConfigurationPlatforms) = preSolution
		Debug|Any CPU = Debug|Any CPU
		Release|Any CPU = Release|Any CPU
	EndGlobalSection
	GlobalSection(ProjectConfigurationPlatforms) = postSolution
		{3C02969B-86A1-AD10-1432-1880430358AB}.Debug|Any CPU.ActiveCfg = Debug|Any CPU
		{3C02969B-86A1-AD10-1432-1880430358AB}.Debug|Any CPU.Build.0 = Debug|Any CPU
		{3C02969B-86A1-AD10-1432-1880430358AB}.Release|Any CPU.ActiveCfg = Release|Any CPU
		{3C02969B-86A1-AD10-1432-1880430358AB}.Release|Any CPU.Build.0 = Release|Any CPU
		{FBDD7BE8-0B24-B714-3A89-A63CB866E7C8}.Debug|Any CPU.ActiveCfg = Debug|Any CPU
		{FBDD7BE8-0B24-B714-3A89-A63CB866E7C8}.Debug|Any CPU.Build.0 = Debug|Any CPU
		{FBDD7BE8-0B24-B714-3A89-A63CB866E7C8}.Release|Any CPU.ActiveCfg = Release|Any CPU
		{FBDD7BE8-0B24-B714-3A89-A63CB866E7C8}.Release|Any CPU.Build.0 = Release|Any CPU
		{33642E03-6453-E8E9-0FFB-5F9079A08551}.Debug|Any CPU.ActiveCfg = Debug|Any CPU
		{33642E03-6453-E8E9-0FFB-5F9079A08551}.Debug|Any CPU.Build.0 = Debug|Any CPU
		{33642E03-6453-E8E9-0FFB-5F9079A08551}.Release|Any CPU.ActiveCfg = Release|Any CPU
		{33642E03-6453-E8E9-0FFB-5F9079A08551}.Release|Any CPU.Build.0 = Release|Any CPU
		{888F8112-771D-42B7-3A0F-AC87C638706A}.Debug|Any CPU.ActiveCfg = Debug|Any CPU
		{888F8112-771D-42B7-3A0F-AC87C638706A}.Debug|Any CPU.Build.0 = Debug|Any CPU
		{888F8112-771D-42B7-3A0F-AC87C638706A}.Release|Any CPU.ActiveCfg = Release|Any CPU
		{888F8112-771D-42B7-3A0F-AC87C638706A}.Release|Any CPU.Build.0 = Release|Any CPU
	EndGlobalSection
	GlobalSection(SolutionProperties) = preSolution
		HideSolutionNode = FALSE
	EndGlobalSection
EndGlobal
